
Microsoft Visual Studio Solution File, Format Version 12.00
# Visual Studio Version 17
VisualStudioVersion = 17.14.36511.14
MinimumVisualStudioVersion = 10.0.40219.1
Project("{FAE04EC0-301F-11D3-BF4B-00C04F79EFBC}") = "Comun", "Comun\Comun.csproj", "{219B0565-B2B3-494B-BB59-434B0F12FD5A}"
EndProject
Project("{FAE04EC0-301F-11D3-BF4B-00C04F79EFBC}") = "ProyectoFinal.model_new", "ProyectoFinal.model_new\ProyectoFinal.model_new.csproj", "{34E7A4FC-CCDA-4DBD-BDE6-7FF67E2E6759}"
EndProject
Project("{FAE04EC0-301F-11D3-BF4B-00C04F79EFBC}") = "ProyectoFinal.controller_new", "ProyectoFinal.controller_new\ProyectoFinal.controller_new.csproj", "{B5549C43-E5E7-4CF3-A001-BD766DC31A6B}"
EndProject
Project("{FAE04EC0-301F-11D3-BF4B-00C04F79EFBC}") = "ProyectoFinal.view_new", "ProyectoFinal.view_new\ProyectoFinal.view_new.csproj", "{37B1E170-2663-48C2-8B0F-55C0D877043C}"
EndProject
Project("{FAE04EC0-301F-11D3-BF4B-00C04F79EFBC}") = "ProyectoFinal.Reports_new", "ProyectoFinal.Reports_new\ProyectoFinal.Reports_new.csproj", "{CA5D7CA3-241F-43B5-89C1-71E381C5E59F}"
EndProject
Project("{FAE04EC0-301F-11D3-BF4B-00C04F79EFBC}") = "ProyectoFinal.ReportsView_new", "ProyectoFinal.ReportsView_new\ProyectoFinal.ReportsView_new.csproj", "{AC56A2B8-15C3-4023-9813-98402C27E2D1}"
EndProject
Project("{FAE04EC0-301F-11D3-BF4B-00C04F79EFBC}") = "ProyectoFinal.test", "ProyectoFinal.test\ProyectoFinal.test.csproj", "{4896DF47-CD31-4275-B7C4-B497047C27CB}"
EndProject
Project("{54435603-DBB4-11D2-8724-00A0C9A8B90C}") = "ProyectoFinal.instalador", "ProyectoFinal.instalador\ProyectoFinal.instalador.vdproj", "{2C22EF1E-8E18-CD6B-F6AF-291EE5F4C7CF}"
EndProject
Global
	GlobalSection(SolutionConfigurationPlatforms) = preSolution
		Debug|Any CPU = Debug|Any CPU
		Debug|x86 = Debug|x86
		Release|Any CPU = Release|Any CPU
		Release|x86 = Release|x86
	EndGlobalSection
	GlobalSection(ProjectConfigurationPlatforms) = postSolution
		{219B0565-B2B3-494B-BB59-434B0F12FD5A}.Debug|Any CPU.ActiveCfg = Debug|Any CPU
		{219B0565-B2B3-494B-BB59-434B0F12FD5A}.Debug|Any CPU.Build.0 = Debug|Any CPU
		{219B0565-B2B3-494B-BB59-434B0F12FD5A}.Debug|x86.ActiveCfg = Debug|x86
		{219B0565-B2B3-494B-BB59-434B0F12FD5A}.Debug|x86.Build.0 = Debug|x86
		{219B0565-B2B3-494B-BB59-434B0F12FD5A}.Release|Any CPU.ActiveCfg = Release|Any CPU
		{219B0565-B2B3-494B-BB59-434B0F12FD5A}.Release|Any CPU.Build.0 = Release|Any CPU
		{219B0565-B2B3-494B-BB59-434B0F12FD5A}.Release|x86.ActiveCfg = Release|x86
		{219B0565-B2B3-494B-BB59-434B0F12FD5A}.Release|x86.Build.0 = Release|x86
		{34E7A4FC-CCDA-4DBD-BDE6-7FF67E2E6759}.Debug|Any CPU.ActiveCfg = Debug|Any CPU
		{34E7A4FC-CCDA-4DBD-BDE6-7FF67E2E6759}.Debug|Any CPU.Build.0 = Debug|Any CPU
		{34E7A4FC-CCDA-4DBD-BDE6-7FF67E2E6759}.Debug|x86.ActiveCfg = Debug|x86
		{34E7A4FC-CCDA-4DBD-BDE6-7FF67E2E6759}.Debug|x86.Build.0 = Debug|x86
		{34E7A4FC-CCDA-4DBD-BDE6-7FF67E2E6759}.Release|Any CPU.ActiveCfg = Release|Any CPU
		{34E7A4FC-CCDA-4DBD-BDE6-7FF67E2E6759}.Release|Any CPU.Build.0 = Release|Any CPU
		{34E7A4FC-CCDA-4DBD-BDE6-7FF67E2E6759}.Release|x86.ActiveCfg = Release|x86
		{34E7A4FC-CCDA-4DBD-BDE6-7FF67E2E6759}.Release|x86.Build.0 = Release|x86
		{B5549C43-E5E7-4CF3-A001-BD766DC31A6B}.Debug|Any CPU.ActiveCfg = Debug|Any CPU
		{B5549C43-E5E7-4CF3-A001-BD766DC31A6B}.Debug|Any CPU.Build.0 = Debug|Any CPU
		{B5549C43-E5E7-4CF3-A001-BD766DC31A6B}.Debug|x86.ActiveCfg = Debug|x86
		{B5549C43-E5E7-4CF3-A001-BD766DC31A6B}.Debug|x86.Build.0 = Debug|x86
		{B5549C43-E5E7-4CF3-A001-BD766DC31A6B}.Release|Any CPU.ActiveCfg = Release|Any CPU
		{B5549C43-E5E7-4CF3-A001-BD766DC31A6B}.Release|Any CPU.Build.0 = Release|Any CPU
		{B5549C43-E5E7-4CF3-A001-BD766DC31A6B}.Release|x86.ActiveCfg = Release|x86
		{B5549C43-E5E7-4CF3-A001-BD766DC31A6B}.Release|x86.Build.0 = Release|x86
		{37B1E170-2663-48C2-8B0F-55C0D877043C}.Debug|Any CPU.ActiveCfg = Debug|Any CPU
		{37B1E170-2663-48C2-8B0F-55C0D877043C}.Debug|Any CPU.Build.0 = Debug|Any CPU
		{37B1E170-2663-48C2-8B0F-55C0D877043C}.Debug|x86.ActiveCfg = Debug|x86
		{37B1E170-2663-48C2-8B0F-55C0D877043C}.Debug|x86.Build.0 = Debug|x86
		{37B1E170-2663-48C2-8B0F-55C0D877043C}.Release|Any CPU.ActiveCfg = Release|Any CPU
		{37B1E170-2663-48C2-8B0F-55C0D877043C}.Release|Any CPU.Build.0 = Release|Any CPU
		{37B1E170-2663-48C2-8B0F-55C0D877043C}.Release|x86.ActiveCfg = Release|x86
		{37B1E170-2663-48C2-8B0F-55C0D877043C}.Release|x86.Build.0 = Release|x86
		{CA5D7CA3-241F-43B5-89C1-71E381C5E59F}.Debug|Any CPU.ActiveCfg = Debug|Any CPU
		{CA5D7CA3-241F-43B5-89C1-71E381C5E59F}.Debug|Any CPU.Build.0 = Debug|Any CPU
		{CA5D7CA3-241F-43B5-89C1-71E381C5E59F}.Debug|x86.ActiveCfg = Debug|x86
		{CA5D7CA3-241F-43B5-89C1-71E381C5E59F}.Debug|x86.Build.0 = Debug|x86
		{CA5D7CA3-241F-43B5-89C1-71E381C5E59F}.Release|Any CPU.ActiveCfg = Release|Any CPU
		{CA5D7CA3-241F-43B5-89C1-71E381C5E59F}.Release|Any CPU.Build.0 = Release|Any CPU
		{CA5D7CA3-241F-43B5-89C1-71E381C5E59F}.Release|x86.ActiveCfg = Release|x86
		{CA5D7CA3-241F-43B5-89C1-71E381C5E59F}.Release|x86.Build.0 = Release|x86
		{AC56A2B8-15C3-4023-9813-98402C27E2D1}.Debug|Any CPU.ActiveCfg = Debug|x86
		{AC56A2B8-15C3-4023-9813-98402C27E2D1}.Debug|Any CPU.Build.0 = Debug|x86
		{AC56A2B8-15C3-4023-9813-98402C27E2D1}.Debug|x86.ActiveCfg = Debug|x86
		{AC56A2B8-15C3-4023-9813-98402C27E2D1}.Debug|x86.Build.0 = Debug|x86
		{AC56A2B8-15C3-4023-9813-98402C27E2D1}.Release|Any CPU.ActiveCfg = Release|x86
		{AC56A2B8-15C3-4023-9813-98402C27E2D1}.Release|Any CPU.Build.0 = Release|x86
		{AC56A2B8-15C3-4023-9813-98402C27E2D1}.Release|x86.ActiveCfg = Release|x86
		{AC56A2B8-15C3-4023-9813-98402C27E2D1}.Release|x86.Build.0 = Release|x86
		{4896DF47-CD31-4275-B7C4-B497047C27CB}.Debug|Any CPU.ActiveCfg = Debug|Any CPU
		{4896DF47-CD31-4275-B7C4-B497047C27CB}.Debug|Any CPU.Build.0 = Debug|Any CPU
		{4896DF47-CD31-4275-B7C4-B497047C27CB}.Debug|x86.ActiveCfg = Debug|x86
		{4896DF47-CD31-4275-B7C4-B497047C27CB}.Debug|x86.Build.0 = Debug|x86
		{4896DF47-CD31-4275-B7C4-B497047C27CB}.Release|Any CPU.ActiveCfg = Release|Any CPU
		{4896DF47-CD31-4275-B7C4-B497047C27CB}.Release|Any CPU.Build.0 = Release|Any CPU
		{4896DF47-CD31-4275-B7C4-B497047C27CB}.Release|x86.ActiveCfg = Release|x86
		{4896DF47-CD31-4275-B7C4-B497047C27CB}.Release|x86.Build.0 = Release|x86
		{2C22EF1E-8E18-CD6B-F6AF-291EE5F4C7CF}.Debug|Any CPU.ActiveCfg = Debug
		{2C22EF1E-8E18-CD6B-F6AF-291EE5F4C7CF}.Debug|x86.ActiveCfg = Debug
		{2C22EF1E-8E18-CD6B-F6AF-291EE5F4C7CF}.Release|Any CPU.ActiveCfg = Release
		{2C22EF1E-8E18-CD6B-F6AF-291EE5F4C7CF}.Release|x86.ActiveCfg = Release
	EndGlobalSection
	GlobalSection(SolutionProperties) = preSolution
		HideSolutionNode = FALSE
	EndGlobalSection
	GlobalSection(ExtensibilityGlobals) = postSolution
		SolutionGuid = {E3EC8E13-BF59-4C2B-9A91-731CDED45A7A}
	EndGlobalSection
EndGlobal
